// !$*UTF8*$!
{
	archiveVersion = 1;
	classes = {
	};
	objectVersion = 52;
	objects = {

/* Begin PBXBuildFile section */
		A51C7CC626DAAF9B002C4218 /* AppDelegate.swift in Sources */ = {isa = PBXBuildFile; fileRef = A51C7CC526DAAF9B002C4218 /* AppDelegate.swift */; };
		A51C7CC826DAAF9B002C4218 /* SceneDelegate.swift in Sources */ = {isa = PBXBuildFile; fileRef = A51C7CC726DAAF9B002C4218 /* SceneDelegate.swift */; };
		A51C7CD026DAAF9B002C4218 /* Koombea_Post.xcdatamodeld in Sources */ = {isa = PBXBuildFile; fileRef = A51C7CCE26DAAF9B002C4218 /* Koombea_Post.xcdatamodeld */; };
		A51C7CD226DAAF9D002C4218 /* Assets.xcassets in Resources */ = {isa = PBXBuildFile; fileRef = A51C7CD126DAAF9D002C4218 /* Assets.xcassets */; };
		A51C7CD526DAAF9D002C4218 /* LaunchScreen.storyboard in Resources */ = {isa = PBXBuildFile; fileRef = A51C7CD326DAAF9D002C4218 /* LaunchScreen.storyboard */; };
		A51C7CEB26DAAF9D002C4218 /* Koombea_PostUITests.swift in Sources */ = {isa = PBXBuildFile; fileRef = A51C7CEA26DAAF9D002C4218 /* Koombea_PostUITests.swift */; };
		A51C7D0826DAB8A1002C4218 /* FeedService.swift in Sources */ = {isa = PBXBuildFile; fileRef = A51C7D0726DAB8A1002C4218 /* FeedService.swift */; };
		A51C7D1126DAB923002C4218 /* Feed.swift in Sources */ = {isa = PBXBuildFile; fileRef = A51C7D1026DAB923002C4218 /* Feed.swift */; };
		A51C7D1A26DABACB002C4218 /* ServiceErrors.swift in Sources */ = {isa = PBXBuildFile; fileRef = A51C7D1926DABACB002C4218 /* ServiceErrors.swift */; };
		A51C7D2526DABC6B002C4218 /* EndPoints.swift in Sources */ = {isa = PBXBuildFile; fileRef = A51C7D2426DABC6B002C4218 /* EndPoints.swift */; };
		A51C7D5F26DACB0E002C4218 /* DateFormatter+Extension.swift in Sources */ = {isa = PBXBuildFile; fileRef = A51C7D5E26DACB0E002C4218 /* DateFormatter+Extension.swift */; };
		A51C7DA826DAD213002C4218 /* FeedViewController.swift in Sources */ = {isa = PBXBuildFile; fileRef = A51C7DA626DAD213002C4218 /* FeedViewController.swift */; };
		A51C7DA926DAD213002C4218 /* FeedViewController.xib in Resources */ = {isa = PBXBuildFile; fileRef = A51C7DA726DAD213002C4218 /* FeedViewController.xib */; };
		A51C7DBB26DAD69F002C4218 /* SinglePostCollectionViewCell.swift in Sources */ = {isa = PBXBuildFile; fileRef = A51C7DB926DAD69F002C4218 /* SinglePostCollectionViewCell.swift */; };
		A51C7DBC26DAD69F002C4218 /* SinglePostCollectionViewCell.xib in Resources */ = {isa = PBXBuildFile; fileRef = A51C7DBA26DAD69F002C4218 /* SinglePostCollectionViewCell.xib */; };
		A51C7DC426DAD827002C4218 /* FeedContract.swift in Sources */ = {isa = PBXBuildFile; fileRef = A51C7DC326DAD827002C4218 /* FeedContract.swift */; };
		A51C7DD226DAD8F5002C4218 /* FeedPresenter.swift in Sources */ = {isa = PBXBuildFile; fileRef = A51C7DD126DAD8F5002C4218 /* FeedPresenter.swift */; };
		A51C7DD726DAD911002C4218 /* FeedInteractor.swift in Sources */ = {isa = PBXBuildFile; fileRef = A51C7DD626DAD911002C4218 /* FeedInteractor.swift */; };
		A51C7DDF26DAD933002C4218 /* FeedRouter.swift in Sources */ = {isa = PBXBuildFile; fileRef = A51C7DDE26DAD933002C4218 /* FeedRouter.swift */; };
		A51C7E0626DB1D37002C4218 /* String+Extension.swift in Sources */ = {isa = PBXBuildFile; fileRef = A51C7E0526DB1D37002C4218 /* String+Extension.swift */; };
		A52E057B26DD82EC00CC3D21 /* FeedPresenterTest.swift in Sources */ = {isa = PBXBuildFile; fileRef = A52E057A26DD82EC00CC3D21 /* FeedPresenterTest.swift */; };
		A52E058326DD8AC200CC3D21 /* FeedInteractorTest.swift in Sources */ = {isa = PBXBuildFile; fileRef = A52E058226DD8AC200CC3D21 /* FeedInteractorTest.swift */; };
		A53019A626DE943400CAE001 /* DatabaseHandler.swift in Sources */ = {isa = PBXBuildFile; fileRef = A53019A526DE943400CAE001 /* DatabaseHandler.swift */; };
		A571E4B826DB22A0008E7443 /* PostCellModel.swift in Sources */ = {isa = PBXBuildFile; fileRef = A571E4B726DB22A0008E7443 /* PostCellModel.swift */; };
		A571E4BE26DB368D008E7443 /* Kingfisher in Frameworks */ = {isa = PBXBuildFile; productRef = A571E4BD26DB368D008E7443 /* Kingfisher */; };
		A571E4C326DB36BD008E7443 /* Date+Extension.swift in Sources */ = {isa = PBXBuildFile; fileRef = A571E4C226DB36BD008E7443 /* Date+Extension.swift */; };
		A571E4CB26DB36DE008E7443 /* UIImageView+Extension.swift in Sources */ = {isa = PBXBuildFile; fileRef = A571E4CA26DB36DE008E7443 /* UIImageView+Extension.swift */; };
		A571E4DC26DB45E1008E7443 /* Localizable.strings in Resources */ = {isa = PBXBuildFile; fileRef = A571E4DE26DB45E1008E7443 /* Localizable.strings */; };
		A571E4F026DBF6AE008E7443 /* HeaderPostCollectionReusableView.swift in Sources */ = {isa = PBXBuildFile; fileRef = A571E4EE26DBF6AE008E7443 /* HeaderPostCollectionReusableView.swift */; };
		A571E4F126DBF6AE008E7443 /* HeaderPostCollectionReusableView.xib in Resources */ = {isa = PBXBuildFile; fileRef = A571E4EF26DBF6AE008E7443 /* HeaderPostCollectionReusableView.xib */; };
		A571E4F926DBF91D008E7443 /* HeaderPostModel.swift in Sources */ = {isa = PBXBuildFile; fileRef = A571E4F826DBF91D008E7443 /* HeaderPostModel.swift */; };
		A571E50726DC0523008E7443 /* TwoPicsCollectionViewCell.swift in Sources */ = {isa = PBXBuildFile; fileRef = A571E50526DC0523008E7443 /* TwoPicsCollectionViewCell.swift */; };
		A571E50826DC0523008E7443 /* TwoPicsCollectionViewCell.xib in Resources */ = {isa = PBXBuildFile; fileRef = A571E50626DC0523008E7443 /* TwoPicsCollectionViewCell.xib */; };
		A571E50D26DC147A008E7443 /* CellType.swift in Sources */ = {isa = PBXBuildFile; fileRef = A571E50C26DC147A008E7443 /* CellType.swift */; };
		A5B627A126DC22E4002B3923 /* ThreePicsCollectionViewCell.swift in Sources */ = {isa = PBXBuildFile; fileRef = A5B6279F26DC22E4002B3923 /* ThreePicsCollectionViewCell.swift */; };
		A5B627A226DC22E4002B3923 /* ThreePicsCollectionViewCell.xib in Resources */ = {isa = PBXBuildFile; fileRef = A5B627A026DC22E4002B3923 /* ThreePicsCollectionViewCell.xib */; };
		A5B7B3CF26DC2A480048E0A8 /* ManyPicsCollectionViewCell.swift in Sources */ = {isa = PBXBuildFile; fileRef = A5B7B3CD26DC2A480048E0A8 /* ManyPicsCollectionViewCell.swift */; };
		A5B7B3D026DC2A480048E0A8 /* ManyPicsCollectionViewCell.xib in Resources */ = {isa = PBXBuildFile; fileRef = A5B7B3CE26DC2A480048E0A8 /* ManyPicsCollectionViewCell.xib */; };
		A5B7B3D626DC37580048E0A8 /* PicCollectionViewCell.swift in Sources */ = {isa = PBXBuildFile; fileRef = A5B7B3D426DC37580048E0A8 /* PicCollectionViewCell.swift */; };
		A5B7B3D726DC37580048E0A8 /* PicCollectionViewCell.xib in Resources */ = {isa = PBXBuildFile; fileRef = A5B7B3D526DC37580048E0A8 /* PicCollectionViewCell.xib */; };
		A5B7B3DE26DC3F700048E0A8 /* FullScreenPictureContract.swift in Sources */ = {isa = PBXBuildFile; fileRef = A5B7B3DD26DC3F700048E0A8 /* FullScreenPictureContract.swift */; };
		A5B7B3E426DC40520048E0A8 /* FullScreenPictureViewController.swift in Sources */ = {isa = PBXBuildFile; fileRef = A5B7B3E226DC40520048E0A8 /* FullScreenPictureViewController.swift */; };
		A5B7B3E526DC40520048E0A8 /* FullScreenPictureViewController.xib in Resources */ = {isa = PBXBuildFile; fileRef = A5B7B3E326DC40520048E0A8 /* FullScreenPictureViewController.xib */; };
		A5C8376826DED83A001B1F6C /* PostEntity+CoreDataClass.swift in Sources */ = {isa = PBXBuildFile; fileRef = A5C8376426DED83A001B1F6C /* PostEntity+CoreDataClass.swift */; };
		A5C8376926DED83A001B1F6C /* PostEntity+CoreDataProperties.swift in Sources */ = {isa = PBXBuildFile; fileRef = A5C8376526DED83A001B1F6C /* PostEntity+CoreDataProperties.swift */; };
		A5C8376A26DED83A001B1F6C /* PostInfoEntity+CoreDataClass.swift in Sources */ = {isa = PBXBuildFile; fileRef = A5C8376626DED83A001B1F6C /* PostInfoEntity+CoreDataClass.swift */; };
		A5C8376B26DED83A001B1F6C /* PostInfoEntity+CoreDataProperties.swift in Sources */ = {isa = PBXBuildFile; fileRef = A5C8376726DED83A001B1F6C /* PostInfoEntity+CoreDataProperties.swift */; };
		A5C8378726DEDC13001B1F6C /* MockPresenterToViewFeedProtocol.swift in Sources */ = {isa = PBXBuildFile; fileRef = A5C8378626DEDC13001B1F6C /* MockPresenterToViewFeedProtocol.swift */; };
		A5C8379526DEDC63001B1F6C /* MockPrensenterToInteractorProtocol.swift in Sources */ = {isa = PBXBuildFile; fileRef = A5C8379426DEDC63001B1F6C /* MockPrensenterToInteractorProtocol.swift */; };
		A5C8379A26DEDC94001B1F6C /* MockPresenterToRouterFeedProtocol.swift in Sources */ = {isa = PBXBuildFile; fileRef = A5C8379926DEDC94001B1F6C /* MockPresenterToRouterFeedProtocol.swift */; };
		A5C8379F26DEDCF7001B1F6C /* MockFeed.swift in Sources */ = {isa = PBXBuildFile; fileRef = A5C8379E26DEDCF7001B1F6C /* MockFeed.swift */; };
		A5C837A826DEDD46001B1F6C /* MockInteractorToPresenterFeedProtocol.swift in Sources */ = {isa = PBXBuildFile; fileRef = A5C837A726DEDD46001B1F6C /* MockInteractorToPresenterFeedProtocol.swift */; };
		A5C8380526E01623001B1F6C /* StringProtocol+Extension.swift in Sources */ = {isa = PBXBuildFile; fileRef = A5C8380426E01623001B1F6C /* StringProtocol+Extension.swift */; };
		A5EE3DAA26DDF33D00CE149E /* SkeletonView in Frameworks */ = {isa = PBXBuildFile; productRef = A5EE3DA926DDF33D00CE149E /* SkeletonView */; };
		A5F6F62226DC470E004F78F6 /* FullScreenPictureRouter.swift in Sources */ = {isa = PBXBuildFile; fileRef = A5F6F62126DC470E004F78F6 /* FullScreenPictureRouter.swift */; };
		A5F6F62726DC4A60004F78F6 /* FullScreenPicturePresenter.swift in Sources */ = {isa = PBXBuildFile; fileRef = A5F6F62626DC4A60004F78F6 /* FullScreenPicturePresenter.swift */; };
		A5F6F62F26DC4B9E004F78F6 /* FullScreenPictureInteractor.swift in Sources */ = {isa = PBXBuildFile; fileRef = A5F6F62E26DC4B9E004F78F6 /* FullScreenPictureInteractor.swift */; };
		A5F6F63726DC5104004F78F6 /* View+Extension.swift in Sources */ = {isa = PBXBuildFile; fileRef = A5F6F63626DC5104004F78F6 /* View+Extension.swift */; };
/* End PBXBuildFile section */

/* Begin PBXContainerItemProxy section */
		A51C7CDC26DAAF9D002C4218 /* PBXContainerItemProxy */ = {
			isa = PBXContainerItemProxy;
			containerPortal = A51C7CBA26DAAF9B002C4218 /* Project object */;
			proxyType = 1;
			remoteGlobalIDString = A51C7CC126DAAF9B002C4218;
			remoteInfo = "Koombea Post";
		};
		A51C7CE726DAAF9D002C4218 /* PBXContainerItemProxy */ = {
			isa = PBXContainerItemProxy;
			containerPortal = A51C7CBA26DAAF9B002C4218 /* Project object */;
			proxyType = 1;
			remoteGlobalIDString = A51C7CC126DAAF9B002C4218;
			remoteInfo = "Koombea Post";
		};
/* End PBXContainerItemProxy section */

/* Begin PBXFileReference section */
		A51C7CC226DAAF9B002C4218 /* Koombea Post.app */ = {isa = PBXFileReference; explicitFileType = wrapper.application; includeInIndex = 0; path = "Koombea Post.app"; sourceTree = BUILT_PRODUCTS_DIR; };
		A51C7CC526DAAF9B002C4218 /* AppDelegate.swift */ = {isa = PBXFileReference; lastKnownFileType = sourcecode.swift; path = AppDelegate.swift; sourceTree = "<group>"; };
		A51C7CC726DAAF9B002C4218 /* SceneDelegate.swift */ = {isa = PBXFileReference; lastKnownFileType = sourcecode.swift; path = SceneDelegate.swift; sourceTree = "<group>"; };
		A51C7CCF26DAAF9B002C4218 /* Koombea_Post.xcdatamodel */ = {isa = PBXFileReference; lastKnownFileType = wrapper.xcdatamodel; path = Koombea_Post.xcdatamodel; sourceTree = "<group>"; };
		A51C7CD126DAAF9D002C4218 /* Assets.xcassets */ = {isa = PBXFileReference; lastKnownFileType = folder.assetcatalog; path = Assets.xcassets; sourceTree = "<group>"; };
		A51C7CD426DAAF9D002C4218 /* Base */ = {isa = PBXFileReference; lastKnownFileType = file.storyboard; name = Base; path = Base.lproj/LaunchScreen.storyboard; sourceTree = "<group>"; };
		A51C7CD626DAAF9D002C4218 /* Info.plist */ = {isa = PBXFileReference; lastKnownFileType = text.plist.xml; path = Info.plist; sourceTree = "<group>"; };
		A51C7CDB26DAAF9D002C4218 /* Koombea PostTests.xctest */ = {isa = PBXFileReference; explicitFileType = wrapper.cfbundle; includeInIndex = 0; path = "Koombea PostTests.xctest"; sourceTree = BUILT_PRODUCTS_DIR; };
		A51C7CE126DAAF9D002C4218 /* Info.plist */ = {isa = PBXFileReference; lastKnownFileType = text.plist.xml; path = Info.plist; sourceTree = "<group>"; };
		A51C7CE626DAAF9D002C4218 /* Koombea PostUITests.xctest */ = {isa = PBXFileReference; explicitFileType = wrapper.cfbundle; includeInIndex = 0; path = "Koombea PostUITests.xctest"; sourceTree = BUILT_PRODUCTS_DIR; };
		A51C7CEA26DAAF9D002C4218 /* Koombea_PostUITests.swift */ = {isa = PBXFileReference; lastKnownFileType = sourcecode.swift; path = Koombea_PostUITests.swift; sourceTree = "<group>"; };
		A51C7CEC26DAAF9D002C4218 /* Info.plist */ = {isa = PBXFileReference; lastKnownFileType = text.plist.xml; path = Info.plist; sourceTree = "<group>"; };
		A51C7D0726DAB8A1002C4218 /* FeedService.swift */ = {isa = PBXFileReference; lastKnownFileType = sourcecode.swift; path = FeedService.swift; sourceTree = "<group>"; };
		A51C7D1026DAB923002C4218 /* Feed.swift */ = {isa = PBXFileReference; lastKnownFileType = sourcecode.swift; path = Feed.swift; sourceTree = "<group>"; };
		A51C7D1926DABACB002C4218 /* ServiceErrors.swift */ = {isa = PBXFileReference; lastKnownFileType = sourcecode.swift; path = ServiceErrors.swift; sourceTree = "<group>"; };
		A51C7D2426DABC6B002C4218 /* EndPoints.swift */ = {isa = PBXFileReference; lastKnownFileType = sourcecode.swift; path = EndPoints.swift; sourceTree = "<group>"; };
		A51C7D2D26DABE8C002C4218 /* Debug.xcconfig */ = {isa = PBXFileReference; lastKnownFileType = text.xcconfig; path = Debug.xcconfig; sourceTree = "<group>"; };
		A51C7D2E26DABED3002C4218 /* Release.xcconfig */ = {isa = PBXFileReference; lastKnownFileType = text.xcconfig; path = Release.xcconfig; sourceTree = "<group>"; };
		A51C7D5E26DACB0E002C4218 /* DateFormatter+Extension.swift */ = {isa = PBXFileReference; lastKnownFileType = sourcecode.swift; path = "DateFormatter+Extension.swift"; sourceTree = "<group>"; };
		A51C7DA626DAD213002C4218 /* FeedViewController.swift */ = {isa = PBXFileReference; lastKnownFileType = sourcecode.swift; path = FeedViewController.swift; sourceTree = "<group>"; };
		A51C7DA726DAD213002C4218 /* FeedViewController.xib */ = {isa = PBXFileReference; lastKnownFileType = file.xib; path = FeedViewController.xib; sourceTree = "<group>"; };
		A51C7DB926DAD69F002C4218 /* SinglePostCollectionViewCell.swift */ = {isa = PBXFileReference; lastKnownFileType = sourcecode.swift; path = SinglePostCollectionViewCell.swift; sourceTree = "<group>"; };
		A51C7DBA26DAD69F002C4218 /* SinglePostCollectionViewCell.xib */ = {isa = PBXFileReference; lastKnownFileType = file.xib; path = SinglePostCollectionViewCell.xib; sourceTree = "<group>"; };
		A51C7DC326DAD827002C4218 /* FeedContract.swift */ = {isa = PBXFileReference; lastKnownFileType = sourcecode.swift; path = FeedContract.swift; sourceTree = "<group>"; };
		A51C7DD126DAD8F5002C4218 /* FeedPresenter.swift */ = {isa = PBXFileReference; lastKnownFileType = sourcecode.swift; path = FeedPresenter.swift; sourceTree = "<group>"; };
		A51C7DD626DAD911002C4218 /* FeedInteractor.swift */ = {isa = PBXFileReference; lastKnownFileType = sourcecode.swift; path = FeedInteractor.swift; sourceTree = "<group>"; };
		A51C7DDE26DAD933002C4218 /* FeedRouter.swift */ = {isa = PBXFileReference; lastKnownFileType = sourcecode.swift; path = FeedRouter.swift; sourceTree = "<group>"; };
		A51C7E0526DB1D37002C4218 /* String+Extension.swift */ = {isa = PBXFileReference; lastKnownFileType = sourcecode.swift; path = "String+Extension.swift"; sourceTree = "<group>"; };
		A52E057A26DD82EC00CC3D21 /* FeedPresenterTest.swift */ = {isa = PBXFileReference; lastKnownFileType = sourcecode.swift; path = FeedPresenterTest.swift; sourceTree = "<group>"; };
		A52E058226DD8AC200CC3D21 /* FeedInteractorTest.swift */ = {isa = PBXFileReference; lastKnownFileType = sourcecode.swift; path = FeedInteractorTest.swift; sourceTree = "<group>"; };
		A53019A526DE943400CAE001 /* DatabaseHandler.swift */ = {isa = PBXFileReference; lastKnownFileType = sourcecode.swift; path = DatabaseHandler.swift; sourceTree = "<group>"; };
		A571E4B726DB22A0008E7443 /* PostCellModel.swift */ = {isa = PBXFileReference; lastKnownFileType = sourcecode.swift; path = PostCellModel.swift; sourceTree = "<group>"; };
		A571E4C226DB36BD008E7443 /* Date+Extension.swift */ = {isa = PBXFileReference; lastKnownFileType = sourcecode.swift; path = "Date+Extension.swift"; sourceTree = "<group>"; };
		A571E4CA26DB36DE008E7443 /* UIImageView+Extension.swift */ = {isa = PBXFileReference; lastKnownFileType = sourcecode.swift; path = "UIImageView+Extension.swift"; sourceTree = "<group>"; };
		A571E4DD26DB45E1008E7443 /* en */ = {isa = PBXFileReference; lastKnownFileType = text.plist.strings; name = en; path = en.lproj/Localizable.strings; sourceTree = "<group>"; };
		A571E4E326DB4620008E7443 /* es */ = {isa = PBXFileReference; lastKnownFileType = text.plist.strings; name = es; path = es.lproj/LaunchScreen.strings; sourceTree = "<group>"; };
		A571E4E426DB4620008E7443 /* es */ = {isa = PBXFileReference; lastKnownFileType = text.plist.strings; name = es; path = es.lproj/Localizable.strings; sourceTree = "<group>"; };
		A571E4EE26DBF6AE008E7443 /* HeaderPostCollectionReusableView.swift */ = {isa = PBXFileReference; lastKnownFileType = sourcecode.swift; path = HeaderPostCollectionReusableView.swift; sourceTree = "<group>"; };
		A571E4EF26DBF6AE008E7443 /* HeaderPostCollectionReusableView.xib */ = {isa = PBXFileReference; lastKnownFileType = file.xib; path = HeaderPostCollectionReusableView.xib; sourceTree = "<group>"; };
		A571E4F826DBF91D008E7443 /* HeaderPostModel.swift */ = {isa = PBXFileReference; lastKnownFileType = sourcecode.swift; path = HeaderPostModel.swift; sourceTree = "<group>"; };
		A571E50526DC0523008E7443 /* TwoPicsCollectionViewCell.swift */ = {isa = PBXFileReference; lastKnownFileType = sourcecode.swift; path = TwoPicsCollectionViewCell.swift; sourceTree = "<group>"; };
		A571E50626DC0523008E7443 /* TwoPicsCollectionViewCell.xib */ = {isa = PBXFileReference; lastKnownFileType = file.xib; path = TwoPicsCollectionViewCell.xib; sourceTree = "<group>"; };
		A571E50C26DC147A008E7443 /* CellType.swift */ = {isa = PBXFileReference; lastKnownFileType = sourcecode.swift; path = CellType.swift; sourceTree = "<group>"; };
		A5B6279F26DC22E4002B3923 /* ThreePicsCollectionViewCell.swift */ = {isa = PBXFileReference; lastKnownFileType = sourcecode.swift; path = ThreePicsCollectionViewCell.swift; sourceTree = "<group>"; };
		A5B627A026DC22E4002B3923 /* ThreePicsCollectionViewCell.xib */ = {isa = PBXFileReference; lastKnownFileType = file.xib; path = ThreePicsCollectionViewCell.xib; sourceTree = "<group>"; };
		A5B7B3CD26DC2A480048E0A8 /* ManyPicsCollectionViewCell.swift */ = {isa = PBXFileReference; lastKnownFileType = sourcecode.swift; path = ManyPicsCollectionViewCell.swift; sourceTree = "<group>"; };
		A5B7B3CE26DC2A480048E0A8 /* ManyPicsCollectionViewCell.xib */ = {isa = PBXFileReference; lastKnownFileType = file.xib; path = ManyPicsCollectionViewCell.xib; sourceTree = "<group>"; };
		A5B7B3D426DC37580048E0A8 /* PicCollectionViewCell.swift */ = {isa = PBXFileReference; lastKnownFileType = sourcecode.swift; path = PicCollectionViewCell.swift; sourceTree = "<group>"; };
		A5B7B3D526DC37580048E0A8 /* PicCollectionViewCell.xib */ = {isa = PBXFileReference; lastKnownFileType = file.xib; path = PicCollectionViewCell.xib; sourceTree = "<group>"; };
		A5B7B3DD26DC3F700048E0A8 /* FullScreenPictureContract.swift */ = {isa = PBXFileReference; lastKnownFileType = sourcecode.swift; path = FullScreenPictureContract.swift; sourceTree = "<group>"; };
		A5B7B3E226DC40520048E0A8 /* FullScreenPictureViewController.swift */ = {isa = PBXFileReference; lastKnownFileType = sourcecode.swift; path = FullScreenPictureViewController.swift; sourceTree = "<group>"; };
		A5B7B3E326DC40520048E0A8 /* FullScreenPictureViewController.xib */ = {isa = PBXFileReference; lastKnownFileType = file.xib; path = FullScreenPictureViewController.xib; sourceTree = "<group>"; };
		A5C8376426DED83A001B1F6C /* PostEntity+CoreDataClass.swift */ = {isa = PBXFileReference; lastKnownFileType = sourcecode.swift; path = "PostEntity+CoreDataClass.swift"; sourceTree = "<group>"; };
		A5C8376526DED83A001B1F6C /* PostEntity+CoreDataProperties.swift */ = {isa = PBXFileReference; lastKnownFileType = sourcecode.swift; path = "PostEntity+CoreDataProperties.swift"; sourceTree = "<group>"; };
		A5C8376626DED83A001B1F6C /* PostInfoEntity+CoreDataClass.swift */ = {isa = PBXFileReference; lastKnownFileType = sourcecode.swift; path = "PostInfoEntity+CoreDataClass.swift"; sourceTree = "<group>"; };
		A5C8376726DED83A001B1F6C /* PostInfoEntity+CoreDataProperties.swift */ = {isa = PBXFileReference; lastKnownFileType = sourcecode.swift; path = "PostInfoEntity+CoreDataProperties.swift"; sourceTree = "<group>"; };
		A5C8378626DEDC13001B1F6C /* MockPresenterToViewFeedProtocol.swift */ = {isa = PBXFileReference; lastKnownFileType = sourcecode.swift; path = MockPresenterToViewFeedProtocol.swift; sourceTree = "<group>"; };
		A5C8379426DEDC63001B1F6C /* MockPrensenterToInteractorProtocol.swift */ = {isa = PBXFileReference; lastKnownFileType = sourcecode.swift; path = MockPrensenterToInteractorProtocol.swift; sourceTree = "<group>"; };
		A5C8379926DEDC94001B1F6C /* MockPresenterToRouterFeedProtocol.swift */ = {isa = PBXFileReference; lastKnownFileType = sourcecode.swift; path = MockPresenterToRouterFeedProtocol.swift; sourceTree = "<group>"; };
		A5C8379E26DEDCF7001B1F6C /* MockFeed.swift */ = {isa = PBXFileReference; lastKnownFileType = sourcecode.swift; path = MockFeed.swift; sourceTree = "<group>"; };
		A5C837A726DEDD46001B1F6C /* MockInteractorToPresenterFeedProtocol.swift */ = {isa = PBXFileReference; lastKnownFileType = sourcecode.swift; path = MockInteractorToPresenterFeedProtocol.swift; sourceTree = "<group>"; };
		A5C8380426E01623001B1F6C /* StringProtocol+Extension.swift */ = {isa = PBXFileReference; lastKnownFileType = sourcecode.swift; path = "StringProtocol+Extension.swift"; sourceTree = "<group>"; };
		A5F6F62126DC470E004F78F6 /* FullScreenPictureRouter.swift */ = {isa = PBXFileReference; lastKnownFileType = sourcecode.swift; path = FullScreenPictureRouter.swift; sourceTree = "<group>"; };
		A5F6F62626DC4A60004F78F6 /* FullScreenPicturePresenter.swift */ = {isa = PBXFileReference; lastKnownFileType = sourcecode.swift; path = FullScreenPicturePresenter.swift; sourceTree = "<group>"; };
		A5F6F62E26DC4B9E004F78F6 /* FullScreenPictureInteractor.swift */ = {isa = PBXFileReference; lastKnownFileType = sourcecode.swift; path = FullScreenPictureInteractor.swift; sourceTree = "<group>"; };
		A5F6F63626DC5104004F78F6 /* View+Extension.swift */ = {isa = PBXFileReference; lastKnownFileType = sourcecode.swift; path = "View+Extension.swift"; sourceTree = "<group>"; };
/* End PBXFileReference section */

/* Begin PBXFrameworksBuildPhase section */
		A51C7CBF26DAAF9B002C4218 /* Frameworks */ = {
			isa = PBXFrameworksBuildPhase;
			buildActionMask = 2147483647;
			files = (
				A5EE3DAA26DDF33D00CE149E /* SkeletonView in Frameworks */,
				A571E4BE26DB368D008E7443 /* Kingfisher in Frameworks */,
			);
			runOnlyForDeploymentPostprocessing = 0;
		};
		A51C7CD826DAAF9D002C4218 /* Frameworks */ = {
			isa = PBXFrameworksBuildPhase;
			buildActionMask = 2147483647;
			files = (
			);
			runOnlyForDeploymentPostprocessing = 0;
		};
		A51C7CE326DAAF9D002C4218 /* Frameworks */ = {
			isa = PBXFrameworksBuildPhase;
			buildActionMask = 2147483647;
			files = (
			);
			runOnlyForDeploymentPostprocessing = 0;
		};
/* End PBXFrameworksBuildPhase section */

/* Begin PBXGroup section */
		A51C7CB926DAAF9B002C4218 = {
			isa = PBXGroup;
			children = (
				A51C7CC426DAAF9B002C4218 /* Koombea Post */,
				A51C7CDE26DAAF9D002C4218 /* Koombea PostTests */,
				A51C7CE926DAAF9D002C4218 /* Koombea PostUITests */,
				A51C7CC326DAAF9B002C4218 /* Products */,
			);
			sourceTree = "<group>";
		};
		A51C7CC326DAAF9B002C4218 /* Products */ = {
			isa = PBXGroup;
			children = (
				A51C7CC226DAAF9B002C4218 /* Koombea Post.app */,
				A51C7CDB26DAAF9D002C4218 /* Koombea PostTests.xctest */,
				A51C7CE626DAAF9D002C4218 /* Koombea PostUITests.xctest */,
			);
			name = Products;
			sourceTree = "<group>";
		};
		A51C7CC426DAAF9B002C4218 /* Koombea Post */ = {
			isa = PBXGroup;
			children = (
				A51C7CD626DAAF9D002C4218 /* Info.plist */,
				A5C8378226DEDB69001B1F6C /* App */,
				A51C7DA526DAD1E7002C4218 /* Scenes */,
				A53019A426DE941900CAE001 /* Database */,
				A51C7D0F26DAB8C6002C4218 /* Models */,
				A51C7D0626DAB87F002C4218 /* Services */,
				A51C7D1826DABAAC002C4218 /* Utils */,
				A51C7D2C26DABE67002C4218 /* Enviroments */,
				A5C8378326DEDB9D001B1F6C /* Resources */,
				A5C8378426DEDBC0001B1F6C /* SupportingFiles */,
			);
			path = "Koombea Post";
			sourceTree = "<group>";
		};
		A51C7CDE26DAAF9D002C4218 /* Koombea PostTests */ = {
			isa = PBXGroup;
			children = (
				A52E057926DD82B200CC3D21 /* Feed */,
				A51C7CE126DAAF9D002C4218 /* Info.plist */,
			);
			path = "Koombea PostTests";
			sourceTree = "<group>";
		};
		A51C7CE926DAAF9D002C4218 /* Koombea PostUITests */ = {
			isa = PBXGroup;
			children = (
				A51C7CEA26DAAF9D002C4218 /* Koombea_PostUITests.swift */,
				A51C7CEC26DAAF9D002C4218 /* Info.plist */,
			);
			path = "Koombea PostUITests";
			sourceTree = "<group>";
		};
		A51C7D0626DAB87F002C4218 /* Services */ = {
			isa = PBXGroup;
			children = (
				A51C7D2426DABC6B002C4218 /* EndPoints.swift */,
				A51C7D0726DAB8A1002C4218 /* FeedService.swift */,
			);
			path = Services;
			sourceTree = "<group>";
		};
		A51C7D0F26DAB8C6002C4218 /* Models */ = {
			isa = PBXGroup;
			children = (
				A51C7D1026DAB923002C4218 /* Feed.swift */,
				A571E4B726DB22A0008E7443 /* PostCellModel.swift */,
				A571E4F826DBF91D008E7443 /* HeaderPostModel.swift */,
			);
			path = Models;
			sourceTree = "<group>";
		};
		A51C7D1826DABAAC002C4218 /* Utils */ = {
			isa = PBXGroup;
			children = (
				A51C7E0426DB1D1E002C4218 /* Extensions */,
				A51C7D1926DABACB002C4218 /* ServiceErrors.swift */,
				A571E50C26DC147A008E7443 /* CellType.swift */,
			);
			path = Utils;
			sourceTree = "<group>";
		};
		A51C7D2C26DABE67002C4218 /* Enviroments */ = {
			isa = PBXGroup;
			children = (
				A51C7D2E26DABED3002C4218 /* Release.xcconfig */,
				A51C7D2D26DABE8C002C4218 /* Debug.xcconfig */,
			);
			path = Enviroments;
			sourceTree = "<group>";
		};
		A51C7DA526DAD1E7002C4218 /* Scenes */ = {
			isa = PBXGroup;
			children = (
				A5B7B3DB26DC3EB00048E0A8 /* Feed */,
				A5B7B3DC26DC3EBD0048E0A8 /* FullScreenPicture */,
			);
			path = Scenes;
			sourceTree = "<group>";
		};
		A51C7DB826DAD671002C4218 /* PostCells */ = {
			isa = PBXGroup;
			children = (
				A51C7DB926DAD69F002C4218 /* SinglePostCollectionViewCell.swift */,
				A51C7DBA26DAD69F002C4218 /* SinglePostCollectionViewCell.xib */,
				A571E50526DC0523008E7443 /* TwoPicsCollectionViewCell.swift */,
				A571E50626DC0523008E7443 /* TwoPicsCollectionViewCell.xib */,
				A5B6279F26DC22E4002B3923 /* ThreePicsCollectionViewCell.swift */,
				A5B627A026DC22E4002B3923 /* ThreePicsCollectionViewCell.xib */,
				A5B7B3CD26DC2A480048E0A8 /* ManyPicsCollectionViewCell.swift */,
				A5B7B3CE26DC2A480048E0A8 /* ManyPicsCollectionViewCell.xib */,
				A5B7B3D426DC37580048E0A8 /* PicCollectionViewCell.swift */,
				A5B7B3D526DC37580048E0A8 /* PicCollectionViewCell.xib */,
			);
			path = PostCells;
			sourceTree = "<group>";
		};
		A51C7E0426DB1D1E002C4218 /* Extensions */ = {
			isa = PBXGroup;
			children = (
				A571E4C226DB36BD008E7443 /* Date+Extension.swift */,
				A51C7D5E26DACB0E002C4218 /* DateFormatter+Extension.swift */,
				A51C7E0526DB1D37002C4218 /* String+Extension.swift */,
				A5C8380426E01623001B1F6C /* StringProtocol+Extension.swift */,
				A571E4CA26DB36DE008E7443 /* UIImageView+Extension.swift */,
				A5F6F63626DC5104004F78F6 /* View+Extension.swift */,
			);
			path = Extensions;
			sourceTree = "<group>";
		};
		A52E057926DD82B200CC3D21 /* Feed */ = {
			isa = PBXGroup;
			children = (
				A5C8378526DEDBFF001B1F6C /* PresenterMocks */,
				A5C837A626DEDD33001B1F6C /* InteractorMocks */,
				A52E057A26DD82EC00CC3D21 /* FeedPresenterTest.swift */,
				A52E058226DD8AC200CC3D21 /* FeedInteractorTest.swift */,
			);
			path = Feed;
			sourceTree = "<group>";
		};
		A53019A426DE941900CAE001 /* Database */ = {
			isa = PBXGroup;
			children = (
				A5C8377226DEDACB001B1F6C /* Models */,
				A53019A526DE943400CAE001 /* DatabaseHandler.swift */,
				A51C7CCE26DAAF9B002C4218 /* Koombea_Post.xcdatamodeld */,
			);
			path = Database;
			sourceTree = "<group>";
		};
		A571E4FD26DBF9DB008E7443 /* UI */ = {
			isa = PBXGroup;
			children = (
				A571E4FE26DBF9E3008E7443 /* PostHeader */,
				A51C7DB826DAD671002C4218 /* PostCells */,
			);
			path = UI;
			sourceTree = "<group>";
		};
		A571E4FE26DBF9E3008E7443 /* PostHeader */ = {
			isa = PBXGroup;
			children = (
				A571E4EE26DBF6AE008E7443 /* HeaderPostCollectionReusableView.swift */,
				A571E4EF26DBF6AE008E7443 /* HeaderPostCollectionReusableView.xib */,
			);
			path = PostHeader;
			sourceTree = "<group>";
		};
		A5B7B3DB26DC3EB00048E0A8 /* Feed */ = {
			isa = PBXGroup;
			children = (
				A571E4FD26DBF9DB008E7443 /* UI */,
				A51C7DC326DAD827002C4218 /* FeedContract.swift */,
				A51C7DA626DAD213002C4218 /* FeedViewController.swift */,
				A51C7DD126DAD8F5002C4218 /* FeedPresenter.swift */,
				A51C7DD626DAD911002C4218 /* FeedInteractor.swift */,
				A51C7DDE26DAD933002C4218 /* FeedRouter.swift */,
				A51C7DA726DAD213002C4218 /* FeedViewController.xib */,
			);
			path = Feed;
			sourceTree = "<group>";
		};
		A5B7B3DC26DC3EBD0048E0A8 /* FullScreenPicture */ = {
			isa = PBXGroup;
			children = (
				A5B7B3DD26DC3F700048E0A8 /* FullScreenPictureContract.swift */,
				A5B7B3E226DC40520048E0A8 /* FullScreenPictureViewController.swift */,
				A5F6F62626DC4A60004F78F6 /* FullScreenPicturePresenter.swift */,
				A5F6F62E26DC4B9E004F78F6 /* FullScreenPictureInteractor.swift */,
				A5F6F62126DC470E004F78F6 /* FullScreenPictureRouter.swift */,
				A5B7B3E326DC40520048E0A8 /* FullScreenPictureViewController.xib */,
			);
			path = FullScreenPicture;
			sourceTree = "<group>";
		};
		A5C8377226DEDACB001B1F6C /* Models */ = {
			isa = PBXGroup;
			children = (
				A5C8376426DED83A001B1F6C /* PostEntity+CoreDataClass.swift */,
				A5C8376526DED83A001B1F6C /* PostEntity+CoreDataProperties.swift */,
				A5C8376626DED83A001B1F6C /* PostInfoEntity+CoreDataClass.swift */,
				A5C8376726DED83A001B1F6C /* PostInfoEntity+CoreDataProperties.swift */,
			);
			path = Models;
			sourceTree = "<group>";
		};
		A5C8378226DEDB69001B1F6C /* App */ = {
			isa = PBXGroup;
			children = (
				A51C7CC526DAAF9B002C4218 /* AppDelegate.swift */,
				A51C7CC726DAAF9B002C4218 /* SceneDelegate.swift */,
			);
			path = App;
			sourceTree = "<group>";
		};
		A5C8378326DEDB9D001B1F6C /* Resources */ = {
			isa = PBXGroup;
			children = (
				A51C7CD126DAAF9D002C4218 /* Assets.xcassets */,
				A51C7CD326DAAF9D002C4218 /* LaunchScreen.storyboard */,
			);
			path = Resources;
			sourceTree = "<group>";
		};
		A5C8378426DEDBC0001B1F6C /* SupportingFiles */ = {
			isa = PBXGroup;
			children = (
				A571E4DE26DB45E1008E7443 /* Localizable.strings */,
			);
			path = SupportingFiles;
			sourceTree = "<group>";
		};
		A5C8378526DEDBFF001B1F6C /* PresenterMocks */ = {
			isa = PBXGroup;
			children = (
				A5C8378626DEDC13001B1F6C /* MockPresenterToViewFeedProtocol.swift */,
				A5C8379426DEDC63001B1F6C /* MockPrensenterToInteractorProtocol.swift */,
				A5C8379926DEDC94001B1F6C /* MockPresenterToRouterFeedProtocol.swift */,
				A5C8379E26DEDCF7001B1F6C /* MockFeed.swift */,
			);
			path = PresenterMocks;
			sourceTree = "<group>";
		};
		A5C837A626DEDD33001B1F6C /* InteractorMocks */ = {
			isa = PBXGroup;
			children = (
				A5C837A726DEDD46001B1F6C /* MockInteractorToPresenterFeedProtocol.swift */,
			);
			path = InteractorMocks;
			sourceTree = "<group>";
		};
/* End PBXGroup section */

/* Begin PBXNativeTarget section */
		A51C7CC126DAAF9B002C4218 /* Koombea Post */ = {
			isa = PBXNativeTarget;
			buildConfigurationList = A51C7CEF26DAAF9D002C4218 /* Build configuration list for PBXNativeTarget "Koombea Post" */;
			buildPhases = (
				A51C7CBE26DAAF9B002C4218 /* Sources */,
				A51C7CBF26DAAF9B002C4218 /* Frameworks */,
				A51C7CC026DAAF9B002C4218 /* Resources */,
			);
			buildRules = (
			);
			dependencies = (
			);
			name = "Koombea Post";
			packageProductDependencies = (
				A571E4BD26DB368D008E7443 /* Kingfisher */,
				A5EE3DA926DDF33D00CE149E /* SkeletonView */,
			);
			productName = "Koombea Post";
			productReference = A51C7CC226DAAF9B002C4218 /* Koombea Post.app */;
			productType = "com.apple.product-type.application";
		};
		A51C7CDA26DAAF9D002C4218 /* Koombea PostTests */ = {
			isa = PBXNativeTarget;
			buildConfigurationList = A51C7CF226DAAF9D002C4218 /* Build configuration list for PBXNativeTarget "Koombea PostTests" */;
			buildPhases = (
				A51C7CD726DAAF9D002C4218 /* Sources */,
				A51C7CD826DAAF9D002C4218 /* Frameworks */,
				A51C7CD926DAAF9D002C4218 /* Resources */,
			);
			buildRules = (
			);
			dependencies = (
				A51C7CDD26DAAF9D002C4218 /* PBXTargetDependency */,
			);
			name = "Koombea PostTests";
			productName = "Koombea PostTests";
			productReference = A51C7CDB26DAAF9D002C4218 /* Koombea PostTests.xctest */;
			productType = "com.apple.product-type.bundle.unit-test";
		};
		A51C7CE526DAAF9D002C4218 /* Koombea PostUITests */ = {
			isa = PBXNativeTarget;
			buildConfigurationList = A51C7CF526DAAF9D002C4218 /* Build configuration list for PBXNativeTarget "Koombea PostUITests" */;
			buildPhases = (
				A51C7CE226DAAF9D002C4218 /* Sources */,
				A51C7CE326DAAF9D002C4218 /* Frameworks */,
				A51C7CE426DAAF9D002C4218 /* Resources */,
			);
			buildRules = (
			);
			dependencies = (
				A51C7CE826DAAF9D002C4218 /* PBXTargetDependency */,
			);
			name = "Koombea PostUITests";
			productName = "Koombea PostUITests";
			productReference = A51C7CE626DAAF9D002C4218 /* Koombea PostUITests.xctest */;
			productType = "com.apple.product-type.bundle.ui-testing";
		};
/* End PBXNativeTarget section */

/* Begin PBXProject section */
		A51C7CBA26DAAF9B002C4218 /* Project object */ = {
			isa = PBXProject;
			attributes = {
				LastSwiftUpdateCheck = 1240;
				LastUpgradeCheck = 1240;
				TargetAttributes = {
					A51C7CC126DAAF9B002C4218 = {
						CreatedOnToolsVersion = 12.4;
					};
					A51C7CDA26DAAF9D002C4218 = {
						CreatedOnToolsVersion = 12.4;
						TestTargetID = A51C7CC126DAAF9B002C4218;
					};
					A51C7CE526DAAF9D002C4218 = {
						CreatedOnToolsVersion = 12.4;
						TestTargetID = A51C7CC126DAAF9B002C4218;
					};
				};
			};
			buildConfigurationList = A51C7CBD26DAAF9B002C4218 /* Build configuration list for PBXProject "Koombea Post" */;
			compatibilityVersion = "Xcode 9.3";
			developmentRegion = en;
			hasScannedForEncodings = 0;
			knownRegions = (
				en,
				Base,
				es,
			);
			mainGroup = A51C7CB926DAAF9B002C4218;
			packageReferences = (
				A571E4BC26DB368D008E7443 /* XCRemoteSwiftPackageReference "Kingfisher" */,
				A5EE3DA826DDF33D00CE149E /* XCRemoteSwiftPackageReference "SkeletonView" */,
			);
			productRefGroup = A51C7CC326DAAF9B002C4218 /* Products */;
			projectDirPath = "";
			projectRoot = "";
			targets = (
				A51C7CC126DAAF9B002C4218 /* Koombea Post */,
				A51C7CDA26DAAF9D002C4218 /* Koombea PostTests */,
				A51C7CE526DAAF9D002C4218 /* Koombea PostUITests */,
			);
		};
/* End PBXProject section */

/* Begin PBXResourcesBuildPhase section */
		A51C7CC026DAAF9B002C4218 /* Resources */ = {
			isa = PBXResourcesBuildPhase;
			buildActionMask = 2147483647;
			files = (
				A5B7B3E526DC40520048E0A8 /* FullScreenPictureViewController.xib in Resources */,
				A571E4F126DBF6AE008E7443 /* HeaderPostCollectionReusableView.xib in Resources */,
				A5B7B3D726DC37580048E0A8 /* PicCollectionViewCell.xib in Resources */,
				A571E50826DC0523008E7443 /* TwoPicsCollectionViewCell.xib in Resources */,
				A51C7DA926DAD213002C4218 /* FeedViewController.xib in Resources */,
				A571E4DC26DB45E1008E7443 /* Localizable.strings in Resources */,
				A51C7DBC26DAD69F002C4218 /* SinglePostCollectionViewCell.xib in Resources */,
				A5B7B3D026DC2A480048E0A8 /* ManyPicsCollectionViewCell.xib in Resources */,
				A51C7CD526DAAF9D002C4218 /* LaunchScreen.storyboard in Resources */,
				A5B627A226DC22E4002B3923 /* ThreePicsCollectionViewCell.xib in Resources */,
				A51C7CD226DAAF9D002C4218 /* Assets.xcassets in Resources */,
			);
			runOnlyForDeploymentPostprocessing = 0;
		};
		A51C7CD926DAAF9D002C4218 /* Resources */ = {
			isa = PBXResourcesBuildPhase;
			buildActionMask = 2147483647;
			files = (
			);
			runOnlyForDeploymentPostprocessing = 0;
		};
		A51C7CE426DAAF9D002C4218 /* Resources */ = {
			isa = PBXResourcesBuildPhase;
			buildActionMask = 2147483647;
			files = (
			);
			runOnlyForDeploymentPostprocessing = 0;
		};
/* End PBXResourcesBuildPhase section */

/* Begin PBXSourcesBuildPhase section */
		A51C7CBE26DAAF9B002C4218 /* Sources */ = {
			isa = PBXSourcesBuildPhase;
			buildActionMask = 2147483647;
			files = (
				A5B627A126DC22E4002B3923 /* ThreePicsCollectionViewCell.swift in Sources */,
				A571E4F926DBF91D008E7443 /* HeaderPostModel.swift in Sources */,
				A51C7DD226DAD8F5002C4218 /* FeedPresenter.swift in Sources */,
				A53019A626DE943400CAE001 /* DatabaseHandler.swift in Sources */,
				A51C7D0826DAB8A1002C4218 /* FeedService.swift in Sources */,
				A5C8380526E01623001B1F6C /* StringProtocol+Extension.swift in Sources */,
				A5B7B3CF26DC2A480048E0A8 /* ManyPicsCollectionViewCell.swift in Sources */,
				A5C8376926DED83A001B1F6C /* PostEntity+CoreDataProperties.swift in Sources */,
				A5B7B3E426DC40520048E0A8 /* FullScreenPictureViewController.swift in Sources */,
				A5B7B3DE26DC3F700048E0A8 /* FullScreenPictureContract.swift in Sources */,
				A51C7DC426DAD827002C4218 /* FeedContract.swift in Sources */,
				A5C8376826DED83A001B1F6C /* PostEntity+CoreDataClass.swift in Sources */,
				A5F6F62226DC470E004F78F6 /* FullScreenPictureRouter.swift in Sources */,
				A571E4C326DB36BD008E7443 /* Date+Extension.swift in Sources */,
				A51C7CD026DAAF9B002C4218 /* Koombea_Post.xcdatamodeld in Sources */,
				A571E4B826DB22A0008E7443 /* PostCellModel.swift in Sources */,
				A51C7D1A26DABACB002C4218 /* ServiceErrors.swift in Sources */,
				A51C7DBB26DAD69F002C4218 /* SinglePostCollectionViewCell.swift in Sources */,
				A5F6F62F26DC4B9E004F78F6 /* FullScreenPictureInteractor.swift in Sources */,
				A51C7DA826DAD213002C4218 /* FeedViewController.swift in Sources */,
				A571E50726DC0523008E7443 /* TwoPicsCollectionViewCell.swift in Sources */,
				A5C8376A26DED83A001B1F6C /* PostInfoEntity+CoreDataClass.swift in Sources */,
				A5B7B3D626DC37580048E0A8 /* PicCollectionViewCell.swift in Sources */,
				A51C7D1126DAB923002C4218 /* Feed.swift in Sources */,
				A51C7D5F26DACB0E002C4218 /* DateFormatter+Extension.swift in Sources */,
				A5F6F63726DC5104004F78F6 /* View+Extension.swift in Sources */,
				A51C7DD726DAD911002C4218 /* FeedInteractor.swift in Sources */,
				A51C7CC626DAAF9B002C4218 /* AppDelegate.swift in Sources */,
				A571E4F026DBF6AE008E7443 /* HeaderPostCollectionReusableView.swift in Sources */,
				A51C7DDF26DAD933002C4218 /* FeedRouter.swift in Sources */,
				A571E50D26DC147A008E7443 /* CellType.swift in Sources */,
				A51C7D2526DABC6B002C4218 /* EndPoints.swift in Sources */,
				A571E4CB26DB36DE008E7443 /* UIImageView+Extension.swift in Sources */,
				A5C8376B26DED83A001B1F6C /* PostInfoEntity+CoreDataProperties.swift in Sources */,
				A51C7CC826DAAF9B002C4218 /* SceneDelegate.swift in Sources */,
				A5F6F62726DC4A60004F78F6 /* FullScreenPicturePresenter.swift in Sources */,
				A51C7E0626DB1D37002C4218 /* String+Extension.swift in Sources */,
			);
			runOnlyForDeploymentPostprocessing = 0;
		};
		A51C7CD726DAAF9D002C4218 /* Sources */ = {
			isa = PBXSourcesBuildPhase;
			buildActionMask = 2147483647;
			files = (
				A5C8379A26DEDC94001B1F6C /* MockPresenterToRouterFeedProtocol.swift in Sources */,
				A52E057B26DD82EC00CC3D21 /* FeedPresenterTest.swift in Sources */,
				A52E058326DD8AC200CC3D21 /* FeedInteractorTest.swift in Sources */,
				A5C8378726DEDC13001B1F6C /* MockPresenterToViewFeedProtocol.swift in Sources */,
				A5C837A826DEDD46001B1F6C /* MockInteractorToPresenterFeedProtocol.swift in Sources */,
				A5C8379526DEDC63001B1F6C /* MockPrensenterToInteractorProtocol.swift in Sources */,
				A5C8379F26DEDCF7001B1F6C /* MockFeed.swift in Sources */,
			);
			runOnlyForDeploymentPostprocessing = 0;
		};
		A51C7CE226DAAF9D002C4218 /* Sources */ = {
			isa = PBXSourcesBuildPhase;
			buildActionMask = 2147483647;
			files = (
				A51C7CEB26DAAF9D002C4218 /* Koombea_PostUITests.swift in Sources */,
			);
			runOnlyForDeploymentPostprocessing = 0;
		};
/* End PBXSourcesBuildPhase section */

/* Begin PBXTargetDependency section */
		A51C7CDD26DAAF9D002C4218 /* PBXTargetDependency */ = {
			isa = PBXTargetDependency;
			target = A51C7CC126DAAF9B002C4218 /* Koombea Post */;
			targetProxy = A51C7CDC26DAAF9D002C4218 /* PBXContainerItemProxy */;
		};
		A51C7CE826DAAF9D002C4218 /* PBXTargetDependency */ = {
			isa = PBXTargetDependency;
			target = A51C7CC126DAAF9B002C4218 /* Koombea Post */;
			targetProxy = A51C7CE726DAAF9D002C4218 /* PBXContainerItemProxy */;
		};
/* End PBXTargetDependency section */

/* Begin PBXVariantGroup section */
		A51C7CD326DAAF9D002C4218 /* LaunchScreen.storyboard */ = {
			isa = PBXVariantGroup;
			children = (
				A51C7CD426DAAF9D002C4218 /* Base */,
				A571E4E326DB4620008E7443 /* es */,
			);
			name = LaunchScreen.storyboard;
			sourceTree = "<group>";
		};
		A571E4DE26DB45E1008E7443 /* Localizable.strings */ = {
			isa = PBXVariantGroup;
			children = (
				A571E4DD26DB45E1008E7443 /* en */,
				A571E4E426DB4620008E7443 /* es */,
			);
			name = Localizable.strings;
			sourceTree = "<group>";
		};
/* End PBXVariantGroup section */

/* Begin XCBuildConfiguration section */
		A51C7CED26DAAF9D002C4218 /* Debug */ = {
			isa = XCBuildConfiguration;
			baseConfigurationReference = A51C7D2D26DABE8C002C4218 /* Debug.xcconfig */;
			buildSettings = {
				ALWAYS_SEARCH_USER_PATHS = NO;
				CLANG_ANALYZER_LOCALIZABILITY_NONLOCALIZED = YES;
				CLANG_ANALYZER_NONNULL = YES;
				CLANG_ANALYZER_NUMBER_OBJECT_CONVERSION = YES_AGGRESSIVE;
				CLANG_CXX_LANGUAGE_STANDARD = "gnu++14";
				CLANG_CXX_LIBRARY = "libc++";
				CLANG_ENABLE_MODULES = YES;
				CLANG_ENABLE_OBJC_ARC = YES;
				CLANG_ENABLE_OBJC_WEAK = YES;
				CLANG_WARN_BLOCK_CAPTURE_AUTORELEASING = YES;
				CLANG_WARN_BOOL_CONVERSION = YES;
				CLANG_WARN_COMMA = YES;
				CLANG_WARN_CONSTANT_CONVERSION = YES;
				CLANG_WARN_DEPRECATED_OBJC_IMPLEMENTATIONS = YES;
				CLANG_WARN_DIRECT_OBJC_ISA_USAGE = YES_ERROR;
				CLANG_WARN_DOCUMENTATION_COMMENTS = YES;
				CLANG_WARN_EMPTY_BODY = YES;
				CLANG_WARN_ENUM_CONVERSION = YES;
				CLANG_WARN_INFINITE_RECURSION = YES;
				CLANG_WARN_INT_CONVERSION = YES;
				CLANG_WARN_NON_LITERAL_NULL_CONVERSION = YES;
				CLANG_WARN_OBJC_IMPLICIT_RETAIN_SELF = YES;
				CLANG_WARN_OBJC_LITERAL_CONVERSION = YES;
				CLANG_WARN_OBJC_ROOT_CLASS = YES_ERROR;
				CLANG_WARN_QUOTED_INCLUDE_IN_FRAMEWORK_HEADER = YES;
				CLANG_WARN_RANGE_LOOP_ANALYSIS = YES;
				CLANG_WARN_STRICT_PROTOTYPES = YES;
				CLANG_WARN_SUSPICIOUS_MOVE = YES;
				CLANG_WARN_UNGUARDED_AVAILABILITY = YES_AGGRESSIVE;
				CLANG_WARN_UNREACHABLE_CODE = YES;
				CLANG_WARN__DUPLICATE_METHOD_MATCH = YES;
				COPY_PHASE_STRIP = NO;
				DEBUG_INFORMATION_FORMAT = dwarf;
				ENABLE_STRICT_OBJC_MSGSEND = YES;
				ENABLE_TESTABILITY = YES;
				GCC_C_LANGUAGE_STANDARD = gnu11;
				GCC_DYNAMIC_NO_PIC = NO;
				GCC_NO_COMMON_BLOCKS = YES;
				GCC_OPTIMIZATION_LEVEL = 0;
				GCC_PREPROCESSOR_DEFINITIONS = (
					"DEBUG=1",
					"$(inherited)",
				);
				GCC_WARN_64_TO_32_BIT_CONVERSION = YES;
				GCC_WARN_ABOUT_RETURN_TYPE = YES_ERROR;
				GCC_WARN_UNDECLARED_SELECTOR = YES;
				GCC_WARN_UNINITIALIZED_AUTOS = YES_AGGRESSIVE;
				GCC_WARN_UNUSED_FUNCTION = YES;
				GCC_WARN_UNUSED_VARIABLE = YES;
				IPHONEOS_DEPLOYMENT_TARGET = 14.4;
				MTL_ENABLE_DEBUG_INFO = INCLUDE_SOURCE;
				MTL_FAST_MATH = YES;
				ONLY_ACTIVE_ARCH = YES;
				SDKROOT = iphoneos;
				SWIFT_ACTIVE_COMPILATION_CONDITIONS = DEBUG;
				SWIFT_OPTIMIZATION_LEVEL = "-Onone";
			};
			name = Debug;
		};
		A51C7CEE26DAAF9D002C4218 /* Release */ = {
			isa = XCBuildConfiguration;
			baseConfigurationReference = A51C7D2E26DABED3002C4218 /* Release.xcconfig */;
			buildSettings = {
				ALWAYS_SEARCH_USER_PATHS = NO;
				CLANG_ANALYZER_LOCALIZABILITY_NONLOCALIZED = YES;
				CLANG_ANALYZER_NONNULL = YES;
				CLANG_ANALYZER_NUMBER_OBJECT_CONVERSION = YES_AGGRESSIVE;
				CLANG_CXX_LANGUAGE_STANDARD = "gnu++14";
				CLANG_CXX_LIBRARY = "libc++";
				CLANG_ENABLE_MODULES = YES;
				CLANG_ENABLE_OBJC_ARC = YES;
				CLANG_ENABLE_OBJC_WEAK = YES;
				CLANG_WARN_BLOCK_CAPTURE_AUTORELEASING = YES;
				CLANG_WARN_BOOL_CONVERSION = YES;
				CLANG_WARN_COMMA = YES;
				CLANG_WARN_CONSTANT_CONVERSION = YES;
				CLANG_WARN_DEPRECATED_OBJC_IMPLEMENTATIONS = YES;
				CLANG_WARN_DIRECT_OBJC_ISA_USAGE = YES_ERROR;
				CLANG_WARN_DOCUMENTATION_COMMENTS = YES;
				CLANG_WARN_EMPTY_BODY = YES;
				CLANG_WARN_ENUM_CONVERSION = YES;
				CLANG_WARN_INFINITE_RECURSION = YES;
				CLANG_WARN_INT_CONVERSION = YES;
				CLANG_WARN_NON_LITERAL_NULL_CONVERSION = YES;
				CLANG_WARN_OBJC_IMPLICIT_RETAIN_SELF = YES;
				CLANG_WARN_OBJC_LITERAL_CONVERSION = YES;
				CLANG_WARN_OBJC_ROOT_CLASS = YES_ERROR;
				CLANG_WARN_QUOTED_INCLUDE_IN_FRAMEWORK_HEADER = YES;
				CLANG_WARN_RANGE_LOOP_ANALYSIS = YES;
				CLANG_WARN_STRICT_PROTOTYPES = YES;
				CLANG_WARN_SUSPICIOUS_MOVE = YES;
				CLANG_WARN_UNGUARDED_AVAILABILITY = YES_AGGRESSIVE;
				CLANG_WARN_UNREACHABLE_CODE = YES;
				CLANG_WARN__DUPLICATE_METHOD_MATCH = YES;
				COPY_PHASE_STRIP = NO;
				DEBUG_INFORMATION_FORMAT = "dwarf-with-dsym";
				ENABLE_NS_ASSERTIONS = NO;
				ENABLE_STRICT_OBJC_MSGSEND = YES;
				GCC_C_LANGUAGE_STANDARD = gnu11;
				GCC_NO_COMMON_BLOCKS = YES;
				GCC_WARN_64_TO_32_BIT_CONVERSION = YES;
				GCC_WARN_ABOUT_RETURN_TYPE = YES_ERROR;
				GCC_WARN_UNDECLARED_SELECTOR = YES;
				GCC_WARN_UNINITIALIZED_AUTOS = YES_AGGRESSIVE;
				GCC_WARN_UNUSED_FUNCTION = YES;
				GCC_WARN_UNUSED_VARIABLE = YES;
				IPHONEOS_DEPLOYMENT_TARGET = 14.4;
				MTL_ENABLE_DEBUG_INFO = NO;
				MTL_FAST_MATH = YES;
				SDKROOT = iphoneos;
				SWIFT_COMPILATION_MODE = wholemodule;
				SWIFT_OPTIMIZATION_LEVEL = "-O";
				VALIDATE_PRODUCT = YES;
			};
			name = Release;
		};
		A51C7CF026DAAF9D002C4218 /* Debug */ = {
			isa = XCBuildConfiguration;
			buildSettings = {
				ASSETCATALOG_COMPILER_APPICON_NAME = AppIcon;
				ASSETCATALOG_COMPILER_GLOBAL_ACCENT_COLOR_NAME = AccentColor;
				CODE_SIGN_STYLE = Automatic;
				DEVELOPMENT_TEAM = 645UX58X3D;
				INFOPLIST_FILE = "Koombea Post/Info.plist";
				LD_RUNPATH_SEARCH_PATHS = (
					"$(inherited)",
					"@executable_path/Frameworks",
				);
				PRODUCT_BUNDLE_IDENTIFIER = "com.wilmer.mendoza.Koombea-Post";
				PRODUCT_NAME = "$(TARGET_NAME)";
				SWIFT_VERSION = 5.0;
				TARGETED_DEVICE_FAMILY = "1,2";
			};
			name = Debug;
		};
		A51C7CF126DAAF9D002C4218 /* Release */ = {
			isa = XCBuildConfiguration;
			buildSettings = {
				ASSETCATALOG_COMPILER_APPICON_NAME = AppIcon;
				ASSETCATALOG_COMPILER_GLOBAL_ACCENT_COLOR_NAME = AccentColor;
				CODE_SIGN_STYLE = Automatic;
				DEVELOPMENT_TEAM = 645UX58X3D;
				INFOPLIST_FILE = "Koombea Post/Info.plist";
				LD_RUNPATH_SEARCH_PATHS = (
					"$(inherited)",
					"@executable_path/Frameworks",
				);
				PRODUCT_BUNDLE_IDENTIFIER = "com.wilmer.mendoza.Koombea-Post";
				PRODUCT_NAME = "$(TARGET_NAME)";
				SWIFT_VERSION = 5.0;
				TARGETED_DEVICE_FAMILY = "1,2";
			};
			name = Release;
		};
		A51C7CF326DAAF9D002C4218 /* Debug */ = {
			isa = XCBuildConfiguration;
			buildSettings = {
				ALWAYS_EMBED_SWIFT_STANDARD_LIBRARIES = YES;
				BUNDLE_LOADER = "$(TEST_HOST)";
				CODE_SIGN_STYLE = Automatic;
				DEVELOPMENT_TEAM = 645UX58X3D;
				INFOPLIST_FILE = "Koombea PostTests/Info.plist";
				IPHONEOS_DEPLOYMENT_TARGET = 14.4;
				LD_RUNPATH_SEARCH_PATHS = (
					"$(inherited)",
					"@executable_path/Frameworks",
					"@loader_path/Frameworks",
				);
				PRODUCT_BUNDLE_IDENTIFIER = "com.wilmer.mendoza.Koombea-PostTests";
				PRODUCT_NAME = "$(TARGET_NAME)";
				SWIFT_VERSION = 5.0;
				TARGETED_DEVICE_FAMILY = "1,2";
				TEST_HOST = "$(BUILT_PRODUCTS_DIR)/Koombea Post.app/Koombea Post";
			};
			name = Debug;
		};
		A51C7CF426DAAF9D002C4218 /* Release */ = {
			isa = XCBuildConfiguration;
			buildSettings = {
				ALWAYS_EMBED_SWIFT_STANDARD_LIBRARIES = YES;
				BUNDLE_LOADER = "$(TEST_HOST)";
				CODE_SIGN_STYLE = Automatic;
				DEVELOPMENT_TEAM = 645UX58X3D;
				INFOPLIST_FILE = "Koombea PostTests/Info.plist";
				IPHONEOS_DEPLOYMENT_TARGET = 14.4;
				LD_RUNPATH_SEARCH_PATHS = (
					"$(inherited)",
					"@executable_path/Frameworks",
					"@loader_path/Frameworks",
				);
				PRODUCT_BUNDLE_IDENTIFIER = "com.wilmer.mendoza.Koombea-PostTests";
				PRODUCT_NAME = "$(TARGET_NAME)";
				SWIFT_VERSION = 5.0;
				TARGETED_DEVICE_FAMILY = "1,2";
				TEST_HOST = "$(BUILT_PRODUCTS_DIR)/Koombea Post.app/Koombea Post";
			};
			name = Release;
		};
		A51C7CF626DAAF9D002C4218 /* Debug */ = {
			isa = XCBuildConfiguration;
			buildSettings = {
				ALWAYS_EMBED_SWIFT_STANDARD_LIBRARIES = YES;
				CODE_SIGN_STYLE = Automatic;
				DEVELOPMENT_TEAM = 645UX58X3D;
				INFOPLIST_FILE = "Koombea PostUITests/Info.plist";
				LD_RUNPATH_SEARCH_PATHS = (
					"$(inherited)",
					"@executable_path/Frameworks",
					"@loader_path/Frameworks",
				);
				PRODUCT_BUNDLE_IDENTIFIER = "com.wilmer.mendoza.Koombea-PostUITests";
				PRODUCT_NAME = "$(TARGET_NAME)";
				SWIFT_VERSION = 5.0;
				TARGETED_DEVICE_FAMILY = "1,2";
				TEST_TARGET_NAME = "Koombea Post";
			};
			name = Debug;
		};
		A51C7CF726DAAF9D002C4218 /* Release */ = {
			isa = XCBuildConfiguration;
			buildSettings = {
				ALWAYS_EMBED_SWIFT_STANDARD_LIBRARIES = YES;
				CODE_SIGN_STYLE = Automatic;
				DEVELOPMENT_TEAM = 645UX58X3D;
				INFOPLIST_FILE = "Koombea PostUITests/Info.plist";
				LD_RUNPATH_SEARCH_PATHS = (
					"$(inherited)",
					"@executable_path/Frameworks",
					"@loader_path/Frameworks",
				);
				PRODUCT_BUNDLE_IDENTIFIER = "com.wilmer.mendoza.Koombea-PostUITests";
				PRODUCT_NAME = "$(TARGET_NAME)";
				SWIFT_VERSION = 5.0;
				TARGETED_DEVICE_FAMILY = "1,2";
				TEST_TARGET_NAME = "Koombea Post";
			};
			name = Release;
		};
/* End XCBuildConfiguration section */

/* Begin XCConfigurationList section */
		A51C7CBD26DAAF9B002C4218 /* Build configuration list for PBXProject "Koombea Post" */ = {
			isa = XCConfigurationList;
			buildConfigurations = (
				A51C7CED26DAAF9D002C4218 /* Debug */,
				A51C7CEE26DAAF9D002C4218 /* Release */,
			);
			defaultConfigurationIsVisible = 0;
			defaultConfigurationName = Release;
		};
		A51C7CEF26DAAF9D002C4218 /* Build configuration list for PBXNativeTarget "Koombea Post" */ = {
			isa = XCConfigurationList;
			buildConfigurations = (
				A51C7CF026DAAF9D002C4218 /* Debug */,
				A51C7CF126DAAF9D002C4218 /* Release */,
			);
			defaultConfigurationIsVisible = 0;
			defaultConfigurationName = Release;
		};
		A51C7CF226DAAF9D002C4218 /* Build configuration list for PBXNativeTarget "Koombea PostTests" */ = {
			isa = XCConfigurationList;
			buildConfigurations = (
				A51C7CF326DAAF9D002C4218 /* Debug */,
				A51C7CF426DAAF9D002C4218 /* Release */,
			);
			defaultConfigurationIsVisible = 0;
			defaultConfigurationName = Release;
		};
		A51C7CF526DAAF9D002C4218 /* Build configuration list for PBXNativeTarget "Koombea PostUITests" */ = {
			isa = XCConfigurationList;
			buildConfigurations = (
				A51C7CF626DAAF9D002C4218 /* Debug */,
				A51C7CF726DAAF9D002C4218 /* Release */,
			);
			defaultConfigurationIsVisible = 0;
			defaultConfigurationName = Release;
		};
/* End XCConfigurationList section */

/* Begin XCRemoteSwiftPackageReference section */
		A571E4BC26DB368D008E7443 /* XCRemoteSwiftPackageReference "Kingfisher" */ = {
			isa = XCRemoteSwiftPackageReference;
			repositoryURL = "https://github.com/onevcat/Kingfisher.git";
			requirement = {
				kind = upToNextMajorVersion;
				minimumVersion = 6.3.1;
			};
		};
		A5EE3DA826DDF33D00CE149E /* XCRemoteSwiftPackageReference "SkeletonView" */ = {
			isa = XCRemoteSwiftPackageReference;
			repositoryURL = "https://github.com/Juanpe/SkeletonView.git";
			requirement = {
				kind = upToNextMajorVersion;
				minimumVersion = 1.7.0;
			};
		};
/* End XCRemoteSwiftPackageReference section */

/* Begin XCSwiftPackageProductDependency section */
		A571E4BD26DB368D008E7443 /* Kingfisher */ = {
			isa = XCSwiftPackageProductDependency;
			package = A571E4BC26DB368D008E7443 /* XCRemoteSwiftPackageReference "Kingfisher" */;
			productName = Kingfisher;
		};
		A5EE3DA926DDF33D00CE149E /* SkeletonView */ = {
			isa = XCSwiftPackageProductDependency;
			package = A5EE3DA826DDF33D00CE149E /* XCRemoteSwiftPackageReference "SkeletonView" */;
			productName = SkeletonView;
		};
/* End XCSwiftPackageProductDependency section */

/* Begin XCVersionGroup section */
		A51C7CCE26DAAF9B002C4218 /* Koombea_Post.xcdatamodeld */ = {
			isa = XCVersionGroup;
			children = (
				A51C7CCF26DAAF9B002C4218 /* Koombea_Post.xcdatamodel */,
			);
			currentVersion = A51C7CCF26DAAF9B002C4218 /* Koombea_Post.xcdatamodel */;
			path = Koombea_Post.xcdatamodeld;
			sourceTree = "<group>";
			versionGroupType = wrapper.xcdatamodel;
		};
/* End XCVersionGroup section */
	};
	rootObject = A51C7CBA26DAAF9B002C4218 /* Project object */;
}
